// !$*UTF8*$!
{
	archiveVersion = 1;
	classes = {
	};
	objectVersion = 50;
	objects = {

/* Begin PBXBuildFile section */
		5BBE087726B9D27B00D898CD /* AppDelegate.swift in Sources */ = {isa = PBXBuildFile; fileRef = 5BBE087626B9D27B00D898CD /* AppDelegate.swift */; };
		5BBE087926B9D27B00D898CD /* SceneDelegate.swift in Sources */ = {isa = PBXBuildFile; fileRef = 5BBE087826B9D27B00D898CD /* SceneDelegate.swift */; };
		5BBE087B26B9D27B00D898CD /* ViewController.swift in Sources */ = {isa = PBXBuildFile; fileRef = 5BBE087A26B9D27B00D898CD /* ViewController.swift */; };
		5BBE088026B9D27D00D898CD /* Assets.xcassets in Resources */ = {isa = PBXBuildFile; fileRef = 5BBE087F26B9D27D00D898CD /* Assets.xcassets */; };
		5BBE088326B9D27D00D898CD /* LaunchScreen.storyboard in Resources */ = {isa = PBXBuildFile; fileRef = 5BBE088126B9D27D00D898CD /* LaunchScreen.storyboard */; };
		5BBE088E26B9D27D00D898CD /* QuizAppTests.swift in Sources */ = {isa = PBXBuildFile; fileRef = 5BBE088D26B9D27D00D898CD /* QuizAppTests.swift */; };
		5BBE089926B9D27D00D898CD /* QuizAppUITests.swift in Sources */ = {isa = PBXBuildFile; fileRef = 5BBE089826B9D27D00D898CD /* QuizAppUITests.swift */; };
		5BBE08A726B9D3E700D898CD /* QuestionViewControllerTest.swift in Sources */ = {isa = PBXBuildFile; fileRef = 5BBE08A626B9D3E700D898CD /* QuestionViewControllerTest.swift */; };
		5BBE08A926B9D46600D898CD /* QuestionViewController.swift in Sources */ = {isa = PBXBuildFile; fileRef = 5BBE08A826B9D46600D898CD /* QuestionViewController.swift */; };
		5BBE08AB26B9D5A700D898CD /* QuestionViewController.xib in Resources */ = {isa = PBXBuildFile; fileRef = 5BBE08AA26B9D5A700D898CD /* QuestionViewController.xib */; };
/* End PBXBuildFile section */

/* Begin PBXContainerItemProxy section */
		5BBE088A26B9D27D00D898CD /* PBXContainerItemProxy */ = {
			isa = PBXContainerItemProxy;
			containerPortal = 5BBE086B26B9D27B00D898CD /* Project object */;
			proxyType = 1;
			remoteGlobalIDString = 5BBE087226B9D27B00D898CD;
			remoteInfo = QuizApp;
		};
		5BBE089526B9D27D00D898CD /* PBXContainerItemProxy */ = {
			isa = PBXContainerItemProxy;
			containerPortal = 5BBE086B26B9D27B00D898CD /* Project object */;
			proxyType = 1;
			remoteGlobalIDString = 5BBE087226B9D27B00D898CD;
			remoteInfo = QuizApp;
		};
/* End PBXContainerItemProxy section */

/* Begin PBXFileReference section */
		5BBE087326B9D27B00D898CD /* QuizApp.app */ = {isa = PBXFileReference; explicitFileType = wrapper.application; includeInIndex = 0; path = QuizApp.app; sourceTree = BUILT_PRODUCTS_DIR; };
		5BBE087626B9D27B00D898CD /* AppDelegate.swift */ = {isa = PBXFileReference; lastKnownFileType = sourcecode.swift; path = AppDelegate.swift; sourceTree = "<group>"; };
		5BBE087826B9D27B00D898CD /* SceneDelegate.swift */ = {isa = PBXFileReference; lastKnownFileType = sourcecode.swift; path = SceneDelegate.swift; sourceTree = "<group>"; };
		5BBE087A26B9D27B00D898CD /* ViewController.swift */ = {isa = PBXFileReference; lastKnownFileType = sourcecode.swift; path = ViewController.swift; sourceTree = "<group>"; };
		5BBE087F26B9D27D00D898CD /* Assets.xcassets */ = {isa = PBXFileReference; lastKnownFileType = folder.assetcatalog; path = Assets.xcassets; sourceTree = "<group>"; };
		5BBE088226B9D27D00D898CD /* Base */ = {isa = PBXFileReference; lastKnownFileType = file.storyboard; name = Base; path = Base.lproj/LaunchScreen.storyboard; sourceTree = "<group>"; };
		5BBE088426B9D27D00D898CD /* Info.plist */ = {isa = PBXFileReference; lastKnownFileType = text.plist.xml; path = Info.plist; sourceTree = "<group>"; };
		5BBE088926B9D27D00D898CD /* QuizAppTests.xctest */ = {isa = PBXFileReference; explicitFileType = wrapper.cfbundle; includeInIndex = 0; path = QuizAppTests.xctest; sourceTree = BUILT_PRODUCTS_DIR; };
		5BBE088D26B9D27D00D898CD /* QuizAppTests.swift */ = {isa = PBXFileReference; lastKnownFileType = sourcecode.swift; path = QuizAppTests.swift; sourceTree = "<group>"; };
		5BBE088F26B9D27D00D898CD /* Info.plist */ = {isa = PBXFileReference; lastKnownFileType = text.plist.xml; path = Info.plist; sourceTree = "<group>"; };
		5BBE089426B9D27D00D898CD /* QuizAppUITests.xctest */ = {isa = PBXFileReference; explicitFileType = wrapper.cfbundle; includeInIndex = 0; path = QuizAppUITests.xctest; sourceTree = BUILT_PRODUCTS_DIR; };
		5BBE089826B9D27D00D898CD /* QuizAppUITests.swift */ = {isa = PBXFileReference; lastKnownFileType = sourcecode.swift; path = QuizAppUITests.swift; sourceTree = "<group>"; };
		5BBE089A26B9D27D00D898CD /* Info.plist */ = {isa = PBXFileReference; lastKnownFileType = text.plist.xml; path = Info.plist; sourceTree = "<group>"; };
		5BBE08A626B9D3E700D898CD /* QuestionViewControllerTest.swift */ = {isa = PBXFileReference; lastKnownFileType = sourcecode.swift; path = QuestionViewControllerTest.swift; sourceTree = "<group>"; };
		5BBE08A826B9D46600D898CD /* QuestionViewController.swift */ = {isa = PBXFileReference; lastKnownFileType = sourcecode.swift; path = QuestionViewController.swift; sourceTree = "<group>"; };
		5BBE08AA26B9D5A700D898CD /* QuestionViewController.xib */ = {isa = PBXFileReference; lastKnownFileType = file.xib; path = QuestionViewController.xib; sourceTree = "<group>"; };
/* End PBXFileReference section */

/* Begin PBXFrameworksBuildPhase section */
		5BBE087026B9D27B00D898CD /* Frameworks */ = {
			isa = PBXFrameworksBuildPhase;
			buildActionMask = 2147483647;
			files = (
			);
			runOnlyForDeploymentPostprocessing = 0;
		};
		5BBE088626B9D27D00D898CD /* Frameworks */ = {
			isa = PBXFrameworksBuildPhase;
			buildActionMask = 2147483647;
			files = (
			);
			runOnlyForDeploymentPostprocessing = 0;
		};
		5BBE089126B9D27D00D898CD /* Frameworks */ = {
			isa = PBXFrameworksBuildPhase;
			buildActionMask = 2147483647;
			files = (
			);
			runOnlyForDeploymentPostprocessing = 0;
		};
/* End PBXFrameworksBuildPhase section */

/* Begin PBXGroup section */
		5BBE086A26B9D27B00D898CD = {
			isa = PBXGroup;
			children = (
				5BBE087526B9D27B00D898CD /* QuizApp */,
				5BBE088C26B9D27D00D898CD /* QuizAppTests */,
				5BBE089726B9D27D00D898CD /* QuizAppUITests */,
				5BBE087426B9D27B00D898CD /* Products */,
			);
			sourceTree = "<group>";
		};
		5BBE087426B9D27B00D898CD /* Products */ = {
			isa = PBXGroup;
			children = (
				5BBE087326B9D27B00D898CD /* QuizApp.app */,
				5BBE088926B9D27D00D898CD /* QuizAppTests.xctest */,
				5BBE089426B9D27D00D898CD /* QuizAppUITests.xctest */,
			);
			name = Products;
			sourceTree = "<group>";
		};
		5BBE087526B9D27B00D898CD /* QuizApp */ = {
			isa = PBXGroup;
			children = (
				5BBE087626B9D27B00D898CD /* AppDelegate.swift */,
				5BBE087826B9D27B00D898CD /* SceneDelegate.swift */,
				5BBE087A26B9D27B00D898CD /* ViewController.swift */,
				5BBE087F26B9D27D00D898CD /* Assets.xcassets */,
				5BBE088126B9D27D00D898CD /* LaunchScreen.storyboard */,
				5BBE088426B9D27D00D898CD /* Info.plist */,
				5BBE08A826B9D46600D898CD /* QuestionViewController.swift */,
				5BBE08AA26B9D5A700D898CD /* QuestionViewController.xib */,
			);
			path = QuizApp;
			sourceTree = "<group>";
		};
		5BBE088C26B9D27D00D898CD /* QuizAppTests */ = {
			isa = PBXGroup;
			children = (
				5BBE088D26B9D27D00D898CD /* QuizAppTests.swift */,
				5BBE088F26B9D27D00D898CD /* Info.plist */,
				5BBE08A626B9D3E700D898CD /* QuestionViewControllerTest.swift */,
			);
			path = QuizAppTests;
			sourceTree = "<group>";
		};
		5BBE089726B9D27D00D898CD /* QuizAppUITests */ = {
			isa = PBXGroup;
			children = (
				5BBE089826B9D27D00D898CD /* QuizAppUITests.swift */,
				5BBE089A26B9D27D00D898CD /* Info.plist */,
			);
			path = QuizAppUITests;
			sourceTree = "<group>";
		};
/* End PBXGroup section */

/* Begin PBXNativeTarget section */
		5BBE087226B9D27B00D898CD /* QuizApp */ = {
			isa = PBXNativeTarget;
			buildConfigurationList = 5BBE089D26B9D27D00D898CD /* Build configuration list for PBXNativeTarget "QuizApp" */;
			buildPhases = (
				5BBE086F26B9D27B00D898CD /* Sources */,
				5BBE087026B9D27B00D898CD /* Frameworks */,
				5BBE087126B9D27B00D898CD /* Resources */,
			);
			buildRules = (
			);
			dependencies = (
			);
			name = QuizApp;
			productName = QuizApp;
			productReference = 5BBE087326B9D27B00D898CD /* QuizApp.app */;
			productType = "com.apple.product-type.application";
		};
		5BBE088826B9D27D00D898CD /* QuizAppTests */ = {
			isa = PBXNativeTarget;
			buildConfigurationList = 5BBE08A026B9D27D00D898CD /* Build configuration list for PBXNativeTarget "QuizAppTests" */;
			buildPhases = (
				5BBE088526B9D27D00D898CD /* Sources */,
				5BBE088626B9D27D00D898CD /* Frameworks */,
				5BBE088726B9D27D00D898CD /* Resources */,
			);
			buildRules = (
			);
			dependencies = (
				5BBE088B26B9D27D00D898CD /* PBXTargetDependency */,
			);
			name = QuizAppTests;
			productName = QuizAppTests;
			productReference = 5BBE088926B9D27D00D898CD /* QuizAppTests.xctest */;
			productType = "com.apple.product-type.bundle.unit-test";
		};
		5BBE089326B9D27D00D898CD /* QuizAppUITests */ = {
			isa = PBXNativeTarget;
			buildConfigurationList = 5BBE08A326B9D27D00D898CD /* Build configuration list for PBXNativeTarget "QuizAppUITests" */;
			buildPhases = (
				5BBE089026B9D27D00D898CD /* Sources */,
				5BBE089126B9D27D00D898CD /* Frameworks */,
				5BBE089226B9D27D00D898CD /* Resources */,
			);
			buildRules = (
			);
			dependencies = (
				5BBE089626B9D27D00D898CD /* PBXTargetDependency */,
			);
			name = QuizAppUITests;
			productName = QuizAppUITests;
			productReference = 5BBE089426B9D27D00D898CD /* QuizAppUITests.xctest */;
			productType = "com.apple.product-type.bundle.ui-testing";
		};
/* End PBXNativeTarget section */

/* Begin PBXProject section */
		5BBE086B26B9D27B00D898CD /* Project object */ = {
			isa = PBXProject;
			attributes = {
				LastSwiftUpdateCheck = 1250;
				LastUpgradeCheck = 1250;
				TargetAttributes = {
					5BBE087226B9D27B00D898CD = {
						CreatedOnToolsVersion = 12.5;
					};
					5BBE088826B9D27D00D898CD = {
						CreatedOnToolsVersion = 12.5;
						TestTargetID = 5BBE087226B9D27B00D898CD;
					};
					5BBE089326B9D27D00D898CD = {
						CreatedOnToolsVersion = 12.5;
						TestTargetID = 5BBE087226B9D27B00D898CD;
					};
				};
			};
			buildConfigurationList = 5BBE086E26B9D27B00D898CD /* Build configuration list for PBXProject "QuizApp" */;
			compatibilityVersion = "Xcode 9.3";
			developmentRegion = en;
			hasScannedForEncodings = 0;
			knownRegions = (
				en,
				Base,
			);
			mainGroup = 5BBE086A26B9D27B00D898CD;
			productRefGroup = 5BBE087426B9D27B00D898CD /* Products */;
			projectDirPath = "";
			projectRoot = "";
			targets = (
				5BBE087226B9D27B00D898CD /* QuizApp */,
				5BBE088826B9D27D00D898CD /* QuizAppTests */,
				5BBE089326B9D27D00D898CD /* QuizAppUITests */,
			);
		};
/* End PBXProject section */

/* Begin PBXResourcesBuildPhase section */
		5BBE087126B9D27B00D898CD /* Resources */ = {
			isa = PBXResourcesBuildPhase;
			buildActionMask = 2147483647;
			files = (
				5BBE088326B9D27D00D898CD /* LaunchScreen.storyboard in Resources */,
				5BBE088026B9D27D00D898CD /* Assets.xcassets in Resources */,
				5BBE08AB26B9D5A700D898CD /* QuestionViewController.xib in Resources */,
			);
			runOnlyForDeploymentPostprocessing = 0;
		};
		5BBE088726B9D27D00D898CD /* Resources */ = {
			isa = PBXResourcesBuildPhase;
			buildActionMask = 2147483647;
			files = (
			);
			runOnlyForDeploymentPostprocessing = 0;
		};
		5BBE089226B9D27D00D898CD /* Resources */ = {
			isa = PBXResourcesBuildPhase;
			buildActionMask = 2147483647;
			files = (
			);
			runOnlyForDeploymentPostprocessing = 0;
		};
/* End PBXResourcesBuildPhase section */

/* Begin PBXSourcesBuildPhase section */
		5BBE086F26B9D27B00D898CD /* Sources */ = {
			isa = PBXSourcesBuildPhase;
			buildActionMask = 2147483647;
			files = (
				5BBE087B26B9D27B00D898CD /* ViewController.swift in Sources */,
				5BBE087726B9D27B00D898CD /* AppDelegate.swift in Sources */,
				5BBE08A926B9D46600D898CD /* QuestionViewController.swift in Sources */,
				5BBE087926B9D27B00D898CD /* SceneDelegate.swift in Sources */,
			);
			runOnlyForDeploymentPostprocessing = 0;
		};
		5BBE088526B9D27D00D898CD /* Sources */ = {
			isa = PBXSourcesBuildPhase;
			buildActionMask = 2147483647;
			files = (
				5BBE08A726B9D3E700D898CD /* QuestionViewControllerTest.swift in Sources */,
				5BBE088E26B9D27D00D898CD /* QuizAppTests.swift in Sources */,
			);
			runOnlyForDeploymentPostprocessing = 0;
		};
		5BBE089026B9D27D00D898CD /* Sources */ = {
			isa = PBXSourcesBuildPhase;
			buildActionMask = 2147483647;
			files = (
				5BBE089926B9D27D00D898CD /* QuizAppUITests.swift in Sources */,
			);
			runOnlyForDeploymentPostprocessing = 0;
		};
/* End PBXSourcesBuildPhase section */

/* Begin PBXTargetDependency section */
		5BBE088B26B9D27D00D898CD /* PBXTargetDependency */ = {
			isa = PBXTargetDependency;
			target = 5BBE087226B9D27B00D898CD /* QuizApp */;
			targetProxy = 5BBE088A26B9D27D00D898CD /* PBXContainerItemProxy */;
		};
		5BBE089626B9D27D00D898CD /* PBXTargetDependency */ = {
			isa = PBXTargetDependency;
			target = 5BBE087226B9D27B00D898CD /* QuizApp */;
			targetProxy = 5BBE089526B9D27D00D898CD /* PBXContainerItemProxy */;
		};
/* End PBXTargetDependency section */

/* Begin PBXVariantGroup section */
		5BBE088126B9D27D00D898CD /* LaunchScreen.storyboard */ = {
			isa = PBXVariantGroup;
			children = (
				5BBE088226B9D27D00D898CD /* Base */,
			);
			name = LaunchScreen.storyboard;
			sourceTree = "<group>";
		};
/* End PBXVariantGroup section */

/* Begin XCBuildConfiguration section */
		5BBE089B26B9D27D00D898CD /* Debug */ = {
			isa = XCBuildConfiguration;
			buildSettings = {
				ALWAYS_SEARCH_USER_PATHS = NO;
				CLANG_ANALYZER_NONNULL = YES;
				CLANG_ANALYZER_NUMBER_OBJECT_CONVERSION = YES_AGGRESSIVE;
				CLANG_CXX_LANGUAGE_STANDARD = "gnu++14";
				CLANG_CXX_LIBRARY = "libc++";
				CLANG_ENABLE_MODULES = YES;
				CLANG_ENABLE_OBJC_ARC = YES;
				CLANG_ENABLE_OBJC_WEAK = YES;
				CLANG_WARN_BLOCK_CAPTURE_AUTORELEASING = YES;
				CLANG_WARN_BOOL_CONVERSION = YES;
				CLANG_WARN_COMMA = YES;
				CLANG_WARN_CONSTANT_CONVERSION = YES;
				CLANG_WARN_DEPRECATED_OBJC_IMPLEMENTATIONS = YES;
				CLANG_WARN_DIRECT_OBJC_ISA_USAGE = YES_ERROR;
				CLANG_WARN_DOCUMENTATION_COMMENTS = YES;
				CLANG_WARN_EMPTY_BODY = YES;
				CLANG_WARN_ENUM_CONVERSION = YES;
				CLANG_WARN_INFINITE_RECURSION = YES;
				CLANG_WARN_INT_CONVERSION = YES;
				CLANG_WARN_NON_LITERAL_NULL_CONVERSION = YES;
				CLANG_WARN_OBJC_IMPLICIT_RETAIN_SELF = YES;
				CLANG_WARN_OBJC_LITERAL_CONVERSION = YES;
				CLANG_WARN_OBJC_ROOT_CLASS = YES_ERROR;
				CLANG_WARN_QUOTED_INCLUDE_IN_FRAMEWORK_HEADER = YES;
				CLANG_WARN_RANGE_LOOP_ANALYSIS = YES;
				CLANG_WARN_STRICT_PROTOTYPES = YES;
				CLANG_WARN_SUSPICIOUS_MOVE = YES;
				CLANG_WARN_UNGUARDED_AVAILABILITY = YES_AGGRESSIVE;
				CLANG_WARN_UNREACHABLE_CODE = YES;
				CLANG_WARN__DUPLICATE_METHOD_MATCH = YES;
				COPY_PHASE_STRIP = NO;
				DEBUG_INFORMATION_FORMAT = dwarf;
				ENABLE_STRICT_OBJC_MSGSEND = YES;
				ENABLE_TESTABILITY = YES;
				GCC_C_LANGUAGE_STANDARD = gnu11;
				GCC_DYNAMIC_NO_PIC = NO;
				GCC_NO_COMMON_BLOCKS = YES;
				GCC_OPTIMIZATION_LEVEL = 0;
				GCC_PREPROCESSOR_DEFINITIONS = (
					"DEBUG=1",
					"$(inherited)",
				);
				GCC_WARN_64_TO_32_BIT_CONVERSION = YES;
				GCC_WARN_ABOUT_RETURN_TYPE = YES_ERROR;
				GCC_WARN_UNDECLARED_SELECTOR = YES;
				GCC_WARN_UNINITIALIZED_AUTOS = YES_AGGRESSIVE;
				GCC_WARN_UNUSED_FUNCTION = YES;
				GCC_WARN_UNUSED_VARIABLE = YES;
				IPHONEOS_DEPLOYMENT_TARGET = 14.5;
				MTL_ENABLE_DEBUG_INFO = INCLUDE_SOURCE;
				MTL_FAST_MATH = YES;
				ONLY_ACTIVE_ARCH = YES;
				SDKROOT = iphoneos;
				SWIFT_ACTIVE_COMPILATION_CONDITIONS = DEBUG;
				SWIFT_OPTIMIZATION_LEVEL = "-Onone";
			};
			name = Debug;
		};
		5BBE089C26B9D27D00D898CD /* Release */ = {
			isa = XCBuildConfiguration;
			buildSettings = {
				ALWAYS_SEARCH_USER_PATHS = NO;
				CLANG_ANALYZER_NONNULL = YES;
				CLANG_ANALYZER_NUMBER_OBJECT_CONVERSION = YES_AGGRESSIVE;
				CLANG_CXX_LANGUAGE_STANDARD = "gnu++14";
				CLANG_CXX_LIBRARY = "libc++";
				CLANG_ENABLE_MODULES = YES;
				CLANG_ENABLE_OBJC_ARC = YES;
				CLANG_ENABLE_OBJC_WEAK = YES;
				CLANG_WARN_BLOCK_CAPTURE_AUTORELEASING = YES;
				CLANG_WARN_BOOL_CONVERSION = YES;
				CLANG_WARN_COMMA = YES;
				CLANG_WARN_CONSTANT_CONVERSION = YES;
				CLANG_WARN_DEPRECATED_OBJC_IMPLEMENTATIONS = YES;
				CLANG_WARN_DIRECT_OBJC_ISA_USAGE = YES_ERROR;
				CLANG_WARN_DOCUMENTATION_COMMENTS = YES;
				CLANG_WARN_EMPTY_BODY = YES;
				CLANG_WARN_ENUM_CONVERSION = YES;
				CLANG_WARN_INFINITE_RECURSION = YES;
				CLANG_WARN_INT_CONVERSION = YES;
				CLANG_WARN_NON_LITERAL_NULL_CONVERSION = YES;
				CLANG_WARN_OBJC_IMPLICIT_RETAIN_SELF = YES;
				CLANG_WARN_OBJC_LITERAL_CONVERSION = YES;
				CLANG_WARN_OBJC_ROOT_CLASS = YES_ERROR;
				CLANG_WARN_QUOTED_INCLUDE_IN_FRAMEWORK_HEADER = YES;
				CLANG_WARN_RANGE_LOOP_ANALYSIS = YES;
				CLANG_WARN_STRICT_PROTOTYPES = YES;
				CLANG_WARN_SUSPICIOUS_MOVE = YES;
				CLANG_WARN_UNGUARDED_AVAILABILITY = YES_AGGRESSIVE;
				CLANG_WARN_UNREACHABLE_CODE = YES;
				CLANG_WARN__DUPLICATE_METHOD_MATCH = YES;
				COPY_PHASE_STRIP = NO;
				DEBUG_INFORMATION_FORMAT = "dwarf-with-dsym";
				ENABLE_NS_ASSERTIONS = NO;
				ENABLE_STRICT_OBJC_MSGSEND = YES;
				GCC_C_LANGUAGE_STANDARD = gnu11;
				GCC_NO_COMMON_BLOCKS = YES;
				GCC_WARN_64_TO_32_BIT_CONVERSION = YES;
				GCC_WARN_ABOUT_RETURN_TYPE = YES_ERROR;
				GCC_WARN_UNDECLARED_SELECTOR = YES;
				GCC_WARN_UNINITIALIZED_AUTOS = YES_AGGRESSIVE;
				GCC_WARN_UNUSED_FUNCTION = YES;
				GCC_WARN_UNUSED_VARIABLE = YES;
				IPHONEOS_DEPLOYMENT_TARGET = 14.5;
				MTL_ENABLE_DEBUG_INFO = NO;
				MTL_FAST_MATH = YES;
				SDKROOT = iphoneos;
				SWIFT_COMPILATION_MODE = wholemodule;
				SWIFT_OPTIMIZATION_LEVEL = "-O";
				VALIDATE_PRODUCT = YES;
			};
			name = Release;
		};
		5BBE089E26B9D27D00D898CD /* Debug */ = {
			isa = XCBuildConfiguration;
			buildSettings = {
				ASSETCATALOG_COMPILER_APPICON_NAME = AppIcon;
				ASSETCATALOG_COMPILER_GLOBAL_ACCENT_COLOR_NAME = AccentColor;
				CODE_SIGN_STYLE = Automatic;
				INFOPLIST_FILE = QuizApp/Info.plist;
				LD_RUNPATH_SEARCH_PATHS = (
					"$(inherited)",
					"@executable_path/Frameworks",
				);
				PRODUCT_BUNDLE_IDENTIFIER = com.dicoding.academy.QuizApp;
				PRODUCT_NAME = "$(TARGET_NAME)";
				SWIFT_VERSION = 5.0;
				TARGETED_DEVICE_FAMILY = "1,2";
			};
			name = Debug;
		};
		5BBE089F26B9D27D00D898CD /* Release */ = {
			isa = XCBuildConfiguration;
			buildSettings = {
				ASSETCATALOG_COMPILER_APPICON_NAME = AppIcon;
				ASSETCATALOG_COMPILER_GLOBAL_ACCENT_COLOR_NAME = AccentColor;
				CODE_SIGN_STYLE = Automatic;
				INFOPLIST_FILE = QuizApp/Info.plist;
				LD_RUNPATH_SEARCH_PATHS = (
					"$(inherited)",
					"@executable_path/Frameworks",
				);
				PRODUCT_BUNDLE_IDENTIFIER = com.dicoding.academy.QuizApp;
				PRODUCT_NAME = "$(TARGET_NAME)";
				SWIFT_VERSION = 5.0;
				TARGETED_DEVICE_FAMILY = "1,2";
			};
			name = Release;
		};
		5BBE08A126B9D27D00D898CD /* Debug */ = {
			isa = XCBuildConfiguration;
			buildSettings = {
				ALWAYS_EMBED_SWIFT_STANDARD_LIBRARIES = YES;
				BUNDLE_LOADER = "$(TEST_HOST)";
				CODE_SIGN_STYLE = Automatic;
				INFOPLIST_FILE = QuizAppTests/Info.plist;
				IPHONEOS_DEPLOYMENT_TARGET = 14.5;
				LD_RUNPATH_SEARCH_PATHS = (
					"$(inherited)",
					"@executable_path/Frameworks",
					"@loader_path/Frameworks",
				);
				PRODUCT_BUNDLE_IDENTIFIER = com.dicoding.academy.QuizAppTests;
				PRODUCT_NAME = "$(TARGET_NAME)";
				SWIFT_VERSION = 5.0;
				TARGETED_DEVICE_FAMILY = "1,2";
				TEST_HOST = "$(BUILT_PRODUCTS_DIR)/QuizApp.app/QuizApp";
			};
			name = Debug;
		};
		5BBE08A226B9D27D00D898CD /* Release */ = {
			isa = XCBuildConfiguration;
			buildSettings = {
				ALWAYS_EMBED_SWIFT_STANDARD_LIBRARIES = YES;
				BUNDLE_LOADER = "$(TEST_HOST)";
				CODE_SIGN_STYLE = Automatic;
				INFOPLIST_FILE = QuizAppTests/Info.plist;
				IPHONEOS_DEPLOYMENT_TARGET = 14.5;
				LD_RUNPATH_SEARCH_PATHS = (
					"$(inherited)",
					"@executable_path/Frameworks",
					"@loader_path/Frameworks",
				);
				PRODUCT_BUNDLE_IDENTIFIER = com.dicoding.academy.QuizAppTests;
				PRODUCT_NAME = "$(TARGET_NAME)";
				SWIFT_VERSION = 5.0;
				TARGETED_DEVICE_FAMILY = "1,2";
				TEST_HOST = "$(BUILT_PRODUCTS_DIR)/QuizApp.app/QuizApp";
			};
			name = Release;
		};
		5BBE08A426B9D27D00D898CD /* Debug */ = {
			isa = XCBuildConfiguration;
			buildSettings = {
				ALWAYS_EMBED_SWIFT_STANDARD_LIBRARIES = YES;
				CODE_SIGN_STYLE = Automatic;
				INFOPLIST_FILE = QuizAppUITests/Info.plist;
				LD_RUNPATH_SEARCH_PATHS = (
					"$(inherited)",
					"@executable_path/Frameworks",
					"@loader_path/Frameworks",
				);
				PRODUCT_BUNDLE_IDENTIFIER = com.dicoding.academy.QuizAppUITests;
				PRODUCT_NAME = "$(TARGET_NAME)";
				SWIFT_VERSION = 5.0;
				TARGETED_DEVICE_FAMILY = "1,2";
				TEST_TARGET_NAME = QuizApp;
			};
			name = Debug;
		};
		5BBE08A526B9D27D00D898CD /* Release */ = {
			isa = XCBuildConfiguration;
			buildSettings = {
				ALWAYS_EMBED_SWIFT_STANDARD_LIBRARIES = YES;
				CODE_SIGN_STYLE = Automatic;
				INFOPLIST_FILE = QuizAppUITests/Info.plist;
				LD_RUNPATH_SEARCH_PATHS = (
					"$(inherited)",
					"@executable_path/Frameworks",
					"@loader_path/Frameworks",
				);
				PRODUCT_BUNDLE_IDENTIFIER = com.dicoding.academy.QuizAppUITests;
				PRODUCT_NAME = "$(TARGET_NAME)";
				SWIFT_VERSION = 5.0;
				TARGETED_DEVICE_FAMILY = "1,2";
				TEST_TARGET_NAME = QuizApp;
			};
			name = Release;
		};
/* End XCBuildConfiguration section */

/* Begin XCConfigurationList section */
		5BBE086E26B9D27B00D898CD /* Build configuration list for PBXProject "QuizApp" */ = {
			isa = XCConfigurationList;
			buildConfigurations = (
				5BBE089B26B9D27D00D898CD /* Debug */,
				5BBE089C26B9D27D00D898CD /* Release */,
			);
			defaultConfigurationIsVisible = 0;
			defaultConfigurationName = Release;
		};
		5BBE089D26B9D27D00D898CD /* Build configuration list for PBXNativeTarget "QuizApp" */ = {
			isa = XCConfigurationList;
			buildConfigurations = (
				5BBE089E26B9D27D00D898CD /* Debug */,
				5BBE089F26B9D27D00D898CD /* Release */,
			);
			defaultConfigurationIsVisible = 0;
			defaultConfigurationName = Release;
		};
		5BBE08A026B9D27D00D898CD /* Build configuration list for PBXNativeTarget "QuizAppTests" */ = {
			isa = XCConfigurationList;
			buildConfigurations = (
				5BBE08A126B9D27D00D898CD /* Debug */,
				5BBE08A226B9D27D00D898CD /* Release */,
			);
			defaultConfigurationIsVisible = 0;
			defaultConfigurationName = Release;
		};
		5BBE08A326B9D27D00D898CD /* Build configuration list for PBXNativeTarget "QuizAppUITests" */ = {
			isa = XCConfigurationList;
			buildConfigurations = (
				5BBE08A426B9D27D00D898CD /* Debug */,
				5BBE08A526B9D27D00D898CD /* Release */,
			);
			defaultConfigurationIsVisible = 0;
			defaultConfigurationName = Release;
		};
/* End XCConfigurationList section */
	};
	rootObject = 5BBE086B26B9D27B00D898CD /* Project object */;
}
